lockfileVersion: '9.0'

settings:
  autoInstallPeers: true
  excludeLinksFromLockfile: false

importers:

  .:
    devDependencies:
      '@secretlint/secretlint-rule-preset-recommend':
        specifier: ^11.3.1
        version: 11.3.1
      oxfmt:
        specifier: ^0.39.0
        version: 0.39.0
      secretlint:
        specifier: ^11.3.1
        version: 11.3.1

packages:

  '@azu/format-text@1.0.2':
    resolution: {integrity: sha512-Swi4N7Edy1Eqq82GxgEECXSSLyn6GOb5htRFPzBDdUkECGXtlf12ynO5oJSpWKPwCaUssOu7NfhDcCWpIC6Ywg==}

  '@azu/style-format@1.0.1':
    resolution: {integrity: sha512-AHcTojlNBdD/3/KxIKlg8sxIWHfOtQszLvOpagLTO+bjC3u7SAszu1lf//u7JJC50aUSH+BVWDD/KvaA6Gfn5g==}

  '@babel/code-frame@7.29.0':
    resolution: {integrity: sha512-9NhCeYjq9+3uxgdtp20LSiJXJvN0FeCtNGpJxuMFZ1Kv3cWUNb6DOhJwUvcVCzKGR66cw4njwM6hrJLqgOwbcw==}
    engines: {node: '>=6.9.0'}

  '@babel/helper-validator-identifier@7.28.5':
    resolution: {integrity: sha512-qSs4ifwzKJSV39ucNjsvc6WVHs6b7S03sOh2OcHF9UHfVPqWWALUsNUVzhSBiItjRZoLHx7nIarVjqKVusUZ1Q==}
    engines: {node: '>=6.9.0'}

  '@nodelib/fs.scandir@2.1.5':
    resolution: {integrity: sha512-vq24Bq3ym5HEQm2NKCr3yXDwjc7vTsEThRDnkp2DK9p1uqLR+DHurm/NOTo0KG7HYHU7eppKZj3MyqYuMBf62g==}
    engines: {node: '>= 8'}

  '@nodelib/fs.stat@2.0.5':
    resolution: {integrity: sha512-RkhPPp2zrqDAQA/2jNhnztcPAlv64XdhIp7a7454A5ovI7Bukxgt7MX7udwAu3zg1DcpPU0rz3VV1SeaqvY4+A==}
    engines: {node: '>= 8'}

  '@nodelib/fs.walk@1.2.8':
    resolution: {integrity: sha512-oGB+UxlgWcgQkgwo8GcEGwemoTFt3FIO9ababBmaGwXIoBKZ+GTy0pP185beGg7Llih/NSHSV2XAs1lnznocSg==}
    engines: {node: '>= 8'}

  '@oxfmt/binding-android-arm-eabi@0.39.0':
    resolution: {integrity: sha512-enIyVwjNoZx12pQ91TxrK0ejXDGqLN24uXURU+VQa9alk4+HveHpTLA5lLzsKXf/SpHHYvjQPWyrNi7d00gHBQ==}
    engines: {node: ^20.19.0 || >=22.12.0}
    cpu: [arm]
    os: [android]

  '@oxfmt/binding-android-arm64@0.39.0':
    resolution: {integrity: sha512-kscvXNGZx4kFySqqdnk6f2/REU+GL6QbB8vit5p2MKG4XIndyWQJI0jir15XBkrCotre49LpFMVL0NXcB80ulQ==}
    engines: {node: ^20.19.0 || >=22.12.0}
    cpu: [arm64]
    os: [android]

  '@oxfmt/binding-darwin-arm64@0.39.0':
    resolution: {integrity: sha512-dKT57QEyVcXKVdZSPiAh3zHzzXYHwxWH6kZf/7p3bEZURtL/2XPA/9DKhxaOTM15fzGSqRdArW0JAWZf61Vqlw==}
    engines: {node: ^20.19.0 || >=22.12.0}
    cpu: [arm64]
    os: [darwin]

  '@oxfmt/binding-darwin-x64@0.39.0':
    resolution: {integrity: sha512-d4guOmZ1zO1RYLQopjhTNrBwPQiJdHr7r6jmvjODoFEbf1Y8IbIMNr0q3umqIdGMXiHVl53w5Cgg42fUlJeg+A==}
    engines: {node: ^20.19.0 || >=22.12.0}
    cpu: [x64]
    os: [darwin]

  '@oxfmt/binding-freebsd-x64@0.39.0':
    resolution: {integrity: sha512-jviIyNMsqSDcZyhvmuOr61t6R1P+IXAooy4rWw9a3cpsCyrvDXVoCta4MXSZyKsIO+DSR07IfgKfMFHKdouPtQ==}
    engines: {node: ^20.19.0 || >=22.12.0}
    cpu: [x64]
    os: [freebsd]

  '@oxfmt/binding-linux-arm-gnueabihf@0.39.0':
    resolution: {integrity: sha512-Dfl4dobqRQZmOc7fO3MD6/hE0ZMR3winJz8esSzpfFPxtzHX1ANpsTy3vMZZAgsgnLK/RtCOpmzmx+I40PNwXA==}
    engines: {node: ^20.19.0 || >=22.12.0}
    cpu: [arm]
    os: [linux]

  '@oxfmt/binding-linux-arm-musleabihf@0.39.0':
    resolution: {integrity: sha512-yBVZL29Q38p+pTzNbPJ7SwX6t5dAve3qaCcn60RqBbfIqfLLXH/lZiBZYRfUPjOXRs4pHUPD+zdWkz1N5LZ6og==}
    engines: {node: ^20.19.0 || >=22.12.0}
    cpu: [arm]
    os: [linux]

  '@oxfmt/binding-linux-arm64-gnu@0.39.0':
    resolution: {integrity: sha512-MJviq+mUKAexYHyYxbAvR9CPqb7Xg/GO/cdRNA45ECZkut8+eSRAAXUTZn6q9BMKGiCN53UaDWgfBw0mZwGouA==}
    engines: {node: ^20.19.0 || >=22.12.0}
    cpu: [arm64]
    os: [linux]
    libc: [glibc]

  '@oxfmt/binding-linux-arm64-musl@0.39.0':
    resolution: {integrity: sha512-CIX0CGVl0Y+V/8PnFmkbzmDAdK+KA5v4zJSxFF+Ih/mYZBDI0qGY/HUFojiE3ijy+kL0hDDRnnpksadfYmYOEg==}
    engines: {node: ^20.19.0 || >=22.12.0}
    cpu: [arm64]
    os: [linux]
    libc: [musl]

  '@oxfmt/binding-linux-ppc64-gnu@0.39.0':
    resolution: {integrity: sha512-NZnZFF0w/iBQPo6T2wBE0qg80zwyqHCLi24LfIkbC58MdwuK4VxyC1E4n7h2v7hwhZzEA8O+yPlKEY/4rh/bJw==}
    engines: {node: ^20.19.0 || >=22.12.0}
    cpu: [ppc64]
    os: [linux]
    libc: [glibc]

  '@oxfmt/binding-linux-riscv64-gnu@0.39.0':
    resolution: {integrity: sha512-8ezj6nHipPmHpe9FYN1qBnaBeNu4O3Spy1XjkY84ez9Hkf8v4a2+EWM2CQJ+X+O2rEWa0Urhq0cjTgKj44MnpA==}
    engines: {node: ^20.19.0 || >=22.12.0}
    cpu: [riscv64]
    os: [linux]
    libc: [glibc]

  '@oxfmt/binding-linux-riscv64-musl@0.39.0':
    resolution: {integrity: sha512-+CRT4jICyoa6dVOhePt1JLPtZrUJ3s7wPZa3RQaCyCdcv4K/XeteBJOuvoA04D8xdXC7PFvK6mI0lXIbvwC5uw==}
    engines: {node: ^20.19.0 || >=22.12.0}
    cpu: [riscv64]
    os: [linux]
    libc: [musl]

  '@oxfmt/binding-linux-s390x-gnu@0.39.0':
    resolution: {integrity: sha512-/nbP1kmBKkfyAFpJrGEOtRylUq2hSgg4m7HhyypSMHGBpRbN8jtwKOe1CGjvWwVtU55qr/Q5rhTbvqPyPIy2Zg==}
    engines: {node: ^20.19.0 || >=22.12.0}
    cpu: [s390x]
    os: [linux]
    libc: [glibc]

  '@oxfmt/binding-linux-x64-gnu@0.39.0':
    resolution: {integrity: sha512-3LBXR4MTvZQF9/ZiRntxwe9IigZ3WLaOvr5OiJt0pSchHy1W57KbKNGDR0opZ+kvNY+LUkh59c6PK/UE2DPZUg==}
    engines: {node: ^20.19.0 || >=22.12.0}
    cpu: [x64]
    os: [linux]
    libc: [glibc]

  '@oxfmt/binding-linux-x64-musl@0.39.0':
    resolution: {integrity: sha512-c3T2LmlVY+T01HotrrsgiGsz1y4TnYwq32FlrzC4QoBkIxlNmTsUW62sXgtVgAeqsWI6jWGW8BuVuVaivKWTXA==}
    engines: {node: ^20.19.0 || >=22.12.0}
    cpu: [x64]
    os: [linux]
    libc: [musl]

  '@oxfmt/binding-openharmony-arm64@0.39.0':
    resolution: {integrity: sha512-82K31n9r5g9i2hwDfcnON9JgsPX/VX6xy1oQOoPFIdnjHio/rVng2O9XThhLaRpZ4O8+112TJ/wyPNTRVRYQ8w==}
    engines: {node: ^20.19.0 || >=22.12.0}
    cpu: [arm64]
    os: [openharmony]

  '@oxfmt/binding-win32-arm64-msvc@0.39.0':
    resolution: {integrity: sha512-SoXi6yKkU1Sx4ze106HQLk2cc4b88K7C1U/e+kDLijPi3Nfy8iv8QosKbBTDydjaR2gC9nKCG1HBQBEdmBGamA==}
    engines: {node: ^20.19.0 || >=22.12.0}
    cpu: [arm64]
    os: [win32]

  '@oxfmt/binding-win32-ia32-msvc@0.39.0':
    resolution: {integrity: sha512-6+j6ratBH2mpeZX9/QrURVoY7HlDwyohFAnHp2OhtbV2SRiDj61jnkjqSfoTGOGcPUAajSVXf+JcXz9/PcuNaQ==}
    engines: {node: ^20.19.0 || >=22.12.0}
    cpu: [ia32]
    os: [win32]

  '@oxfmt/binding-win32-x64-msvc@0.39.0':
    resolution: {integrity: sha512-VXoQUsHtTJWm8ThfdvEW6T3jgV4IHsTybXMu8cViNxSGno4kNd3cSFYzKpDvDxJod88RInSE9sD5YEOqur7flA==}
    engines: {node: ^20.19.0 || >=22.12.0}
    cpu: [x64]
    os: [win32]

  '@secretlint/config-creator@11.3.1':
    resolution: {integrity: sha512-CwMipj6jAVbyMF6OIzABlFcmJNcVB3RNUq3df5LGf9442T0p2f07sTNbGR8a3PfLww73/0rgPTw6lZjmHFpQLA==}
    engines: {node: '>=20.0.0'}

  '@secretlint/config-loader@11.3.1':
    resolution: {integrity: sha512-WPB3tLebNjd6nkRwWf9l6DHc7gr74J9wAneLxsg1bYZrcAsw/gU0D3SeLtqgHwQUyyvt3vLRKKrTHe1mw7i4YQ==}
    engines: {node: '>=20.0.0'}

  '@secretlint/core@11.3.1':
    resolution: {integrity: sha512-iGPtWlBI0J17Exe92JztsxyvjYroMg89B6Qw8Rf2fhRb2CBlo6BO1V32Y6TDMCXpqwof9NkBXEiOIIeSgCRLKw==}
    engines: {node: '>=20.0.0'}

  '@secretlint/formatter@11.3.1':
    resolution: {integrity: sha512-dHFHXHkTSfWYCQx2Q2+DJPMl6zZemny5mKRApy/zebzI9fKV3E2rgzry1rZxQnSx7vng5l9/kRNVLAnKT3RWrA==}
    engines: {node: '>=20.0.0'}

  '@secretlint/node@11.3.1':
    resolution: {integrity: sha512-BMP7XlfPjp85pYf9r2uBd21ZfVmCK4PFaRsfIun6XjkbbCRgksV4yb9HV424oVkL5D4RgImPDZANOdH1TniA8g==}
    engines: {node: '>=20.0.0'}

  '@secretlint/profiler@11.3.1':
    resolution: {integrity: sha512-V7Qyzs++M9Z2Ox1wCMaYMGmdGpZxQcie0FjnFIS8y68sKK1n7LmJJ+uGNegWobx1KZOYnRxhefOm9gbq1Td+GQ==}

  '@secretlint/resolver@11.3.1':
    resolution: {integrity: sha512-+bGKntF0wXyPyhFe4wxPk3mxKLHE0sQVeF4FwOH2uFKUzXZJxF9NwISYWAmCzyzAxZbjBDjcpJAEtB2492ohbg==}

  '@secretlint/secretlint-rule-preset-recommend@11.3.1':
    resolution: {integrity: sha512-zRkESw8Mhuh4J65+biFKkpTW8Gjpse+D4BZhznASCtge38ervYcuG3IgHvFLf1AbTM+YQdH5wRVNdU0+btaEBw==}
    engines: {node: '>=20.0.0'}

  '@secretlint/source-creator@11.3.1':
    resolution: {integrity: sha512-Y0AAUawmoP+94ot3lZmXyHOmw1FJvgcCV9Yvy/9ynjsvwVEojea4in4zA06V8uZtBtTaNXqFZ7v+rt3ytoa07A==}
    engines: {node: '>=20.0.0'}

  '@secretlint/types@11.3.1':
    resolution: {integrity: sha512-6PU7JLivE6Swavrw1TxiPVbvk1Nafihm+v6hNpsEAt7raLlazoFXFK/O8YeSEK15u+4oofSBqwipy81HAbLnlg==}
    engines: {node: '>=20.0.0'}

  '@sindresorhus/merge-streams@2.3.0':
    resolution: {integrity: sha512-LtoMMhxAlorcGhmFYI+LhPgbPZCkgP6ra1YL604EeF6U98pLlQ3iWIGMdWSC+vWmPBWBNgmDBAhnAobLROJmwg==}
    engines: {node: '>=18'}

  '@textlint/ast-node-types@15.5.2':
    resolution: {integrity: sha512-fCaOxoup5LIyBEo7R1oYWE7V4bSX0KQeHh66twon9e9usaLE3ijgF8QjYsR6joCssdeCHVd0wHm7ppsEyTr6vg==}

  '@textlint/linter-formatter@15.5.2':
    resolution: {integrity: sha512-jAw7jWM8+wU9cG6Uu31jGyD1B+PAVePCvnPKC/oov+2iBPKk3ao30zc/Itmi7FvXo4oPaL9PmzPPQhyniPVgVg==}

  '@textlint/module-interop@15.5.2':
    resolution: {integrity: sha512-mg6rMQ3+YjwiXCYoQXbyVfDucpTa1q5mhspd/9qHBxUq4uY6W8GU42rmT3GW0V1yOfQ9z/iRrgPtkp71s8JzXg==}

  '@textlint/resolver@15.5.2':
    resolution: {integrity: sha512-YEITdjRiJaQrGLUWxWXl4TEg+d2C7+TNNjbGPHPH7V7CCnXm+S9GTjGAL7Q2WSGJyFEKt88Jvx6XdJffRv4HEA==}

  '@textlint/types@15.5.2':
    resolution: {integrity: sha512-sJOrlVLLXp4/EZtiWKWq9y2fWyZlI8GP+24rnU5avtPWBIMm/1w97yzKrAqYF8czx2MqR391z5akhnfhj2f/AQ==}

  '@types/normalize-package-data@2.4.4':
    resolution: {integrity: sha512-37i+OaWTh9qeK4LSHPsyRC7NahnGotNuZvjLSgcPzblpHB3rrCJxAOgI5gCdKm7coonsaX1Of0ILiTcnZjbfxA==}

  ajv@8.18.0:
    resolution: {integrity: sha512-PlXPeEWMXMZ7sPYOHqmDyCJzcfNrUr3fGNKtezX14ykXOEIvyK81d+qydx89KY5O71FKMPaQ2vBfBFI5NHR63A==}

  ansi-escapes@7.3.0:
    resolution: {integrity: sha512-BvU8nYgGQBxcmMuEeUEmNTvrMVjJNSH7RgW24vXexN4Ven6qCvy4TntnvlnwnMLTVlcRQQdbRY8NKnaIoeWDNg==}
    engines: {node: '>=18'}

  ansi-regex@5.0.1:
    resolution: {integrity: sha512-quJQXlTSUGL2LH9SUXo8VwsY4soanhgo6LNSm84E1LBcE8s3O0wpdiRzyR9z/ZZJMlMWv37qOOb9pdJlMUEKFQ==}
    engines: {node: '>=8'}

  ansi-regex@6.2.2:
    resolution: {integrity: sha512-Bq3SmSpyFHaWjPk8If9yc6svM8c56dB5BAtW4Qbw5jHTwwXXcTLoRMkpDJp6VL0XzlWaCHTXrkFURMYmD0sLqg==}
    engines: {node: '>=12'}

  ansi-styles@4.3.0:
    resolution: {integrity: sha512-zbB9rCJAT1rbjiVDb2hqKFHNYLxgtk8NURxZ3IZwD3F6NtxbXZQCnnSi1Lkx+IDohdPlFp222wVALIheZJQSEg==}
    engines: {node: '>=8'}

  argparse@2.0.1:
    resolution: {integrity: sha512-8+9WqebbFzpX9OR+Wa6O29asIogeRMzcGtAINdpMHHyAg10f05aSFVBbcEqGf/PXw1EjAZ+q2/bEBg3DvurK3Q==}

  astral-regex@2.0.0:
    resolution: {integrity: sha512-Z7tMw1ytTXt5jqMcOP+OQteU1VuNK9Y02uuJtKQ1Sv69jXQKKg5cibLwGJow8yzZP+eAc18EmLGPal0bp36rvQ==}
    engines: {node: '>=8'}

  binaryextensions@6.11.0:
    resolution: {integrity: sha512-sXnYK/Ij80TO3lcqZVV2YgfKN5QjUWIRk/XSm2J/4bd/lPko3lvk0O4ZppH6m+6hB2/GTu+ptNwVFe1xh+QLQw==}
    engines: {node: '>=4'}

  boundary@2.0.0:
    resolution: {integrity: sha512-rJKn5ooC9u8q13IMCrW0RSp31pxBCHE3y9V/tp3TdWSLf8Em3p6Di4NBpfzbJge9YjjFEsD0RtFEjtvHL5VyEA==}

  braces@3.0.3:
    resolution: {integrity: sha512-yQbXgO/OSZVD2IsiLlro+7Hf6Q18EJrKSEsdoMzKePKXct3gvD8oLcOQdIzGupr5Fj+EDe8gO/lxc1BzfMpxvA==}
    engines: {node: '>=8'}

  chalk@4.1.2:
    resolution: {integrity: sha512-oKnbhFyRIXpUuez8iBMmyEa4nbj4IOQyuhc/wy9kY7/WVPcwIO9VA668Pu8RkO7+0G76SLROeyw9CpQ061i4mA==}
    engines: {node: '>=10'}

  chalk@5.6.2:
    resolution: {integrity: sha512-7NzBL0rN6fMUW+f7A6Io4h40qQlG+xGmtMxfbnH/K7TAtt8JQWVQK+6g0UXKMeVJoyV5EkkNsErQ8pVD3bLHbA==}
    engines: {node: ^12.17.0 || ^14.13 || >=16.0.0}

  color-convert@2.0.1:
    resolution: {integrity: sha512-RRECPsj7iu/xb5oKYcsFHSppFNnsj/52OVTRKb4zP5onXwVF3zVmmToNcOfGC+CRDpfK/U584fMg38ZHCaElKQ==}
    engines: {node: '>=7.0.0'}

  color-name@1.1.4:
    resolution: {integrity: sha512-dOy+3AuW3a2wNbZHIuMZpTcgjGuLU/uBL/ubcZF9OXbDo8ff4O8yVp5Bf0efS8uEoYo5q4Fx7dY9OgQGXgAsQA==}

  debug@4.4.3:
    resolution: {integrity: sha512-RGwwWnwQvkVfavKVt22FGLw+xYSdzARwm0ru6DhTVA3umU5hZc28V3kO4stgYryrTlLpuvgI9GiijltAjNbcqA==}
    engines: {node: '>=6.0'}
    peerDependencies:
      supports-color: '*'
    peerDependenciesMeta:
      supports-color:
        optional: true

  editions@6.22.0:
    resolution: {integrity: sha512-UgGlf8IW75je7HZjNDpJdCv4cGJWIi6yumFdZ0R7A8/CIhQiWUjyGLCxdHpd8bmyD1gnkfUNK0oeOXqUS2cpfQ==}
    engines: {ecmascript: '>= es5', node: '>=4'}

  emoji-regex@8.0.0:
    resolution: {integrity: sha512-MSjYzcWNOA0ewAHpz0MxpYFvwg6yjy1NG3xteoqz644VCo/RPgnr1/GGt+ic3iJTzQ8Eu3TdM14SawnVUmGE6A==}

  environment@1.1.0:
    resolution: {integrity: sha512-xUtoPkMggbz0MPyPiIWr1Kp4aeWJjDZ6SMvURhimjdZgsRuDplF5/s9hcgGhyXMhs+6vpnuoiZ2kFiu3FMnS8Q==}
    engines: {node: '>=18'}

  fast-deep-equal@3.1.3:
    resolution: {integrity: sha512-f3qQ9oQy9j2AhBe/H9VC91wLmKBCCU/gDOnKNAYG5hswO7BLKj09Hc5HYNz9cGI++xlpDCIgDaitVs03ATR84Q==}

  fast-glob@3.3.3:
    resolution: {integrity: sha512-7MptL8U0cqcFdzIzwOTHoilX9x5BrNqye7Z/LuC7kCMRio1EMSyqRK3BEAUD7sXRq4iT4AzTVuZdhgQ2TCvYLg==}
    engines: {node: '>=8.6.0'}

  fast-uri@3.1.0:
    resolution: {integrity: sha512-iPeeDKJSWf4IEOasVVrknXpaBV0IApz/gp7S2bb7Z4Lljbl2MGJRqInZiUrQwV16cpzw/D3S5j5Julj/gT52AA==}

  fastq@1.20.1:
    resolution: {integrity: sha512-GGToxJ/w1x32s/D2EKND7kTil4n8OVk/9mycTc4VDza13lOvpUZTGX3mFSCtV9ksdGBVzvsyAVLM6mHFThxXxw==}

  fill-range@7.1.1:
    resolution: {integrity: sha512-YsGpe3WHLK8ZYi4tWDg2Jy3ebRz2rXowDxnld4bkQB00cc/1Zw9AWnC0i9ztDJitivtQvaI9KaLyKrc+hBW0yg==}
    engines: {node: '>=8'}

  glob-parent@5.1.2:
    resolution: {integrity: sha512-AOIgSQCepiJYwP3ARnGx+5VnTu2HBYdzbGP45eLw1vr3zB3vZLeyed1sC9hnbcOc9/SrMyM5RPQrkGz4aS9Zow==}
    engines: {node: '>= 6'}

  globby@14.1.0:
    resolution: {integrity: sha512-0Ia46fDOaT7k4og1PDW4YbodWWr3scS2vAr2lTbsplOt2WkKp0vQbkI9wKis/T5LV/dqPjO3bpS/z6GTJB82LA==}
    engines: {node: '>=18'}

  has-flag@4.0.0:
    resolution: {integrity: sha512-EykJT/Q1KjTWctppgIAgfSO0tKVuZUjhgMr17kqTumMl6Afv3EISleU7qZUzoXDFTAHTDC4NOoG/ZxU3EvlMPQ==}
    engines: {node: '>=8'}

  hosted-git-info@7.0.2:
    resolution: {integrity: sha512-puUZAUKT5m8Zzvs72XWy3HtvVbTWljRE66cP60bxJzAqf2DgICo7lYTY2IHUmLnNpjYvw5bvmoHvPc0QO2a62w==}
    engines: {node: ^16.14.0 || >=18.0.0}

  ignore@7.0.5:
    resolution: {integrity: sha512-Hs59xBNfUIunMFgWAbGX5cq6893IbWg4KnrjbYwX3tx0ztorVgTDA6B2sxf8ejHJ4wz8BqGUMYlnzNBer5NvGg==}
    engines: {node: '>= 4'}

  index-to-position@1.2.0:
    resolution: {integrity: sha512-Yg7+ztRkqslMAS2iFaU+Oa4KTSidr63OsFGlOrJoW981kIYO3CGCS3wA95P1mUi/IVSJkn0D479KTJpVpvFNuw==}
    engines: {node: '>=18'}

  is-extglob@2.1.1:
    resolution: {integrity: sha512-SbKbANkN603Vi4jEZv49LeVJMn4yGwsbzZworEoyEiutsN3nJYdbO36zfhGJ6QEDpOZIFkDtnq5JRxmvl3jsoQ==}
    engines: {node: '>=0.10.0'}

  is-fullwidth-code-point@3.0.0:
    resolution: {integrity: sha512-zymm5+u+sCsSWyD9qNaejV3DFvhCKclKdizYaJUuHA83RLjb7nSuGnddCHGv0hk+KY7BMAlsWeK4Ueg6EV6XQg==}
    engines: {node: '>=8'}

  is-glob@4.0.3:
    resolution: {integrity: sha512-xelSayHH36ZgE7ZWhli7pW34hNbNl8Ojv5KVmkJD4hBdD3th8Tfk9vYasLM+mXWOZhFkgZfxhLSnrwRr4elSSg==}
    engines: {node: '>=0.10.0'}

  is-number@7.0.0:
    resolution: {integrity: sha512-41Cifkg6e8TylSpdtTpeLVMqvSBEVzTttHvERD741+pnZ8ANv0004MRL43QKPDlK9cGvNp6NZWZUBlbGXYxxng==}
    engines: {node: '>=0.12.0'}

  istextorbinary@9.5.0:
    resolution: {integrity: sha512-5mbUj3SiZXCuRf9fT3ibzbSSEWiy63gFfksmGfdOzujPjW3k+z8WvIBxcJHBoQNlaZaiyB25deviif2+osLmLw==}
    engines: {node: '>=4'}

  js-tokens@4.0.0:
    resolution: {integrity: sha512-RdJUflcE3cUzKiMqQgsCu06FPu9UdIJO0beYbPhHN4k6apgJtifcoCtT9bcxOpYBtpD2kCM6Sbzg4CausW/PKQ==}

  js-yaml@4.1.1:
    resolution: {integrity: sha512-qQKT4zQxXl8lLwBtHMWwaTcGfFOZviOJet3Oy/xmGk2gZH677CJM9EvtfdSkgWcATZhj/55JZ0rmy3myCT5lsA==}
    hasBin: true

  json-schema-traverse@1.0.0:
    resolution: {integrity: sha512-NM8/P9n3XjXhIZn1lLhkFaACTOURQXjWhV4BA/RnOv8xvgqtqpAX9IO4mRQxSx1Rlo4tqzeqb0sOlruaOy3dug==}

  json5@2.2.3:
    resolution: {integrity: sha512-XmOWe7eyHYH14cLdVPoyg+GOH3rYX++KpzrylJwSW98t3Nk+U8XOl8FWKOgwtzdb8lXGf6zYwDUzeHMWfxasyg==}
    engines: {node: '>=6'}
    hasBin: true

  lodash.truncate@4.4.2:
    resolution: {integrity: sha512-jttmRe7bRse52OsWIMDLaXxWqRAmtIUccAQ3garviCqJjafXOfNMO0yMfNpdD6zbGaTU0P5Nz7e7gAT6cKmJRw==}

  lodash@4.17.23:
    resolution: {integrity: sha512-LgVTMpQtIopCi79SJeDiP0TfWi5CNEc/L/aRdTh3yIvmZXTnheWpKjSZhnvMl8iXbC1tFg9gdHHDMLoV7CnG+w==}

  lru-cache@10.4.3:
    resolution: {integrity: sha512-JNAzZcXrCt42VGLuYz0zfAzDfAvJWW6AfYlDBQyDV5DClI2m5sAmK+OIO7s59XfsRsWHp02jAJrRadPRGTt6SQ==}

  merge2@1.4.1:
    resolution: {integrity: sha512-8q7VEgMJW4J8tcfVPy8g09NcQwZdbwFEqhe/WZkoIzjn/3TGDwtOCYtXGxA3O8tPzpczCCDgv+P2P5y00ZJOOg==}
    engines: {node: '>= 8'}

  micromatch@4.0.8:
    resolution: {integrity: sha512-PXwfBhYu0hBCPw8Dn0E+WDYb7af3dSLVWKi3HGv84IdF4TyFoC0ysxFd0Goxw7nSv4T/PzEJQxsYsEiFCKo2BA==}
    engines: {node: '>=8.6'}

  ms@2.1.3:
    resolution: {integrity: sha512-6FlzubTLZG3J2a/NVCAleEhjzq5oxgHyaCU9yYXvcLsvoVaHJq/s5xXI6/XXP6tz7R9xAOtHnSO/tXtF3WRTlA==}

  normalize-package-data@6.0.2:
    resolution: {integrity: sha512-V6gygoYb/5EmNI+MEGrWkC+e6+Rr7mTmfHrxDbLzxQogBkgzo76rkok0Am6thgSF7Mv2nLOajAJj5vDJZEFn7g==}
    engines: {node: ^16.14.0 || >=18.0.0}

  oxfmt@0.39.0:
    resolution: {integrity: sha512-OwfwFtNb0ImDUPTKiy4ew/t7WXjAqH11CsXmpXe3nxWX5/4WntswrpC8DYsFfHt6jVvyQHXTYUOudT1ayB/cPw==}
    engines: {node: ^20.19.0 || >=22.12.0}
    hasBin: true

  p-map@7.0.4:
    resolution: {integrity: sha512-tkAQEw8ysMzmkhgw8k+1U/iPhWNhykKnSk4Rd5zLoPJCuJaGRPo6YposrZgaxHKzDHdDWWZvE/Sk7hsL2X/CpQ==}
    engines: {node: '>=18'}

  parse-json@8.3.0:
    resolution: {integrity: sha512-ybiGyvspI+fAoRQbIPRddCcSTV9/LsJbf0e/S85VLowVGzRmokfneg2kwVW/KU5rOXrPSbF1qAKPMgNTqqROQQ==}
    engines: {node: '>=18'}

  path-type@6.0.0:
    resolution: {integrity: sha512-Vj7sf++t5pBD637NSfkxpHSMfWaeig5+DKWLhcqIYx6mWQz5hdJTGDVMQiJcw1ZYkhs7AazKDGpRVji1LJCZUQ==}
    engines: {node: '>=18'}

  picocolors@1.1.1:
    resolution: {integrity: sha512-xceH2snhtb5M9liqDsmEw56le376mTZkEX/jEb/RxNFyegNul7eNslCXP9FDj/Lcu0X8KEyMceP2ntpaHrDEVA==}

  picomatch@2.3.1:
    resolution: {integrity: sha512-JU3teHTNjmE2VCGFzuY8EXzCDVwEqB2a8fsIvwaStHhAWJEeVd1o1QD80CU6+ZdEXXSLbSsuLwJjkCBWqRQUVA==}
    engines: {node: '>=8.6'}

  pluralize@2.0.0:
    resolution: {integrity: sha512-TqNZzQCD4S42De9IfnnBvILN7HAW7riLqsCyp8lgjXeysyPlX5HhqKAcJHHHb9XskE4/a+7VGC9zzx8Ls0jOAw==}

  pluralize@8.0.0:
    resolution: {integrity: sha512-Nc3IT5yHzflTfbjgqWcCPpo7DaKy4FnpB0l/zCAW0Tc7jxAiuqSxHasntB3D7887LSrA93kDJ9IXovxJYxyLCA==}
    engines: {node: '>=4'}

  queue-microtask@1.2.3:
    resolution: {integrity: sha512-NuaNSa6flKT5JaSYQzJok04JzTL1CA6aGhv5rfLW3PgqA+M2ChpZQnAC8h8i4ZFkBS8X5RqkDBHA7r4hej3K9A==}

  rc-config-loader@4.1.4:
    resolution: {integrity: sha512-3GiwEzklkbXTDp52UR5nT8iXgYAx1V9ZG/kDZT7p60u2GCv2XTwQq4NzinMoMpNtXhmt3WkhYXcj6HH8HdwCEQ==}

  read-pkg@9.0.1:
    resolution: {integrity: sha512-9viLL4/n1BJUCT1NXVTdS1jtm80yDEgR5T4yCelII49Mbj0v1rZdKqj7zCiYdbB0CuCgdrvHcNogAKTFPBocFA==}
    engines: {node: '>=18'}

  require-from-string@2.0.2:
    resolution: {integrity: sha512-Xf0nWe6RseziFMu+Ap9biiUbmplq6S9/p+7w7YXP/JBHhrUDDUhwa+vANyubuqfZWTveU//DYVGsDG7RKL/vEw==}
    engines: {node: '>=0.10.0'}

  reusify@1.1.0:
    resolution: {integrity: sha512-g6QUff04oZpHs0eG5p83rFLhHeV00ug/Yf9nZM6fLeUrPguBTkTQOdpAWWspMh55TZfVQDPaN3NQJfbVRAxdIw==}
    engines: {iojs: '>=1.0.0', node: '>=0.10.0'}

  run-parallel@1.2.0:
    resolution: {integrity: sha512-5l4VyZR86LZ/lDxZTR6jqL8AFE2S0IFLMP26AbjsLVADxHdhB/c0GUsH+y39UfCi3dzz8OlQuPmnaJOMoDHQBA==}

  secretlint@11.3.1:
    resolution: {integrity: sha512-CThioOhzkK/D7CdwYw2WgNaIAS4pTjUMb9aN296zNVxQV02aJIjzjfRS5Bih/auHXd0mHSfypGYLj5mmjUleNw==}
    engines: {node: '>=20.0.0'}
    hasBin: true

  semver@7.7.4:
    resolution: {integrity: sha512-vFKC2IEtQnVhpT78h1Yp8wzwrf8CM+MzKMHGJZfBtzhZNycRFnXsHk6E5TxIkkMsgNS7mdX3AGB7x2QM2di4lA==}
    engines: {node: '>=10'}
    hasBin: true

  slash@5.1.0:
    resolution: {integrity: sha512-ZA6oR3T/pEyuqwMgAKT0/hAv8oAXckzbkmR0UkUosQ+Mc4RxGoJkRmwHgHufaenlyAgE1Mxgpdcrf75y6XcnDg==}
    engines: {node: '>=14.16'}

  slice-ansi@4.0.0:
    resolution: {integrity: sha512-qMCMfhY040cVHT43K9BFygqYbUPFZKHOg7K73mtTWJRb8pyP3fzf4Ixd5SzdEJQ6MRUg/WBnOLxghZtKKurENQ==}
    engines: {node: '>=10'}

  spdx-correct@3.2.0:
    resolution: {integrity: sha512-kN9dJbvnySHULIluDHy32WHRUu3Og7B9sbY7tsFLctQkIqnMh3hErYgdMjTYuqmcXX+lK5T1lnUt3G7zNswmZA==}

  spdx-exceptions@2.5.0:
    resolution: {integrity: sha512-PiU42r+xO4UbUS1buo3LPJkjlO7430Xn5SVAhdpzzsPHsjbYVflnnFdATgabnLude+Cqu25p6N+g2lw/PFsa4w==}

  spdx-expression-parse@3.0.1:
    resolution: {integrity: sha512-cbqHunsQWnJNE6KhVSMsMeH5H/L9EpymbzqTQ3uLwNCLZ1Q481oWaofqH7nO6V07xlXwY6PhQdQ2IedWx/ZK4Q==}

  spdx-license-ids@3.0.23:
    resolution: {integrity: sha512-CWLcCCH7VLu13TgOH+r8p1O/Znwhqv/dbb6lqWy67G+pT1kHmeD/+V36AVb/vq8QMIQwVShJ6Ssl5FPh0fuSdw==}

  string-width@4.2.3:
    resolution: {integrity: sha512-wKyQRQpjJ0sIp62ErSZdGsjMJWsap5oRNihHhu6G7JVO/9jIB6UyevL+tXuOqrng8j/cxKTWyWUwvSTriiZz/g==}
    engines: {node: '>=8'}

  strip-ansi@6.0.1:
    resolution: {integrity: sha512-Y38VPSHcqkFrCpFnQ9vuSXmquuv5oXOKpGeT6aGrr3o3Gc9AlVa6JBfUSOCnbxGGZF+/0ooI7KrPuUSztUdU5A==}
    engines: {node: '>=8'}

  strip-ansi@7.2.0:
    resolution: {integrity: sha512-yDPMNjp4WyfYBkHnjIRLfca1i6KMyGCtsVgoKe/z1+6vukgaENdgGBZt+ZmKPc4gavvEZ5OgHfHdrazhgNyG7w==}
    engines: {node: '>=12'}

  structured-source@4.0.0:
    resolution: {integrity: sha512-qGzRFNJDjFieQkl/sVOI2dUjHKRyL9dAJi2gCPGJLbJHBIkyOHxjuocpIEfbLioX+qSJpvbYdT49/YCdMznKxA==}

  supports-color@7.2.0:
    resolution: {integrity: sha512-qpCAvRl9stuOHveKsn7HncJRvv501qIacKzQlO/+Lwxc9+0q2wLyv4Dfvt80/DPn2pqOBsJdDiogXGR9+OvwRw==}
    engines: {node: '>=8'}

  supports-hyperlinks@3.2.0:
    resolution: {integrity: sha512-zFObLMyZeEwzAoKCyu1B91U79K2t7ApXuQfo8OuxwXLDgcKxuwM+YvcbIhm6QWqz7mHUH1TVytR1PwVVjEuMig==}
    engines: {node: '>=14.18'}

  table@6.9.0:
    resolution: {integrity: sha512-9kY+CygyYM6j02t5YFHbNz2FN5QmYGv9zAjVp4lCDjlCw7amdckXlEt/bjMhUIfj4ThGRE4gCUH5+yGnNuPo5A==}
    engines: {node: '>=10.0.0'}

  terminal-link@4.0.0:
    resolution: {integrity: sha512-lk+vH+MccxNqgVqSnkMVKx4VLJfnLjDBGzH16JVZjKE2DoxP57s6/vt6JmXV5I3jBcfGrxNrYtC+mPtU7WJztA==}
    engines: {node: '>=18'}

  text-table@0.2.0:
    resolution: {integrity: sha512-N+8UisAXDGk8PFXP4HAzVR9nbfmVJ3zYLAWiTIoqC5v5isinhr+r5uaO8+7r3BMfuNIufIsA7RdpVgacC2cSpw==}

  textextensions@6.11.0:
    resolution: {integrity: sha512-tXJwSr9355kFJI3lbCkPpUH5cP8/M0GGy2xLO34aZCjMXBaK3SoPnZwr/oWmo1FdCnELcs4npdCIOFtq9W3ruQ==}
    engines: {node: '>=4'}

  tinypool@2.1.0:
    resolution: {integrity: sha512-Pugqs6M0m7Lv1I7FtxN4aoyToKg1C4tu+/381vH35y8oENM/Ai7f7C4StcoK4/+BSw9ebcS8jRiVrORFKCALLw==}
    engines: {node: ^20.0.0 || >=22.0.0}

  to-regex-range@5.0.1:
    resolution: {integrity: sha512-65P7iz6X5yEr1cwcgvQxbbIw7Uk3gOy5dIdtZ4rDveLqhrdJP+Li/Hx6tyK0NEb+2GCyneCMJiGqrADCSNk8sQ==}
    engines: {node: '>=8.0'}

  type-fest@4.41.0:
    resolution: {integrity: sha512-TeTSQ6H5YHvpqVwBRcnLDCBnDOHWYu7IvGbHT6N8AOymcr9PJGjc1GTtiWZTYg0NCgYwvnYWEkVChQAr9bjfwA==}
    engines: {node: '>=16'}

  unicorn-magic@0.1.0:
    resolution: {integrity: sha512-lRfVq8fE8gz6QMBuDM6a+LO3IAzTi05H6gCVaUpir2E1Rwpo4ZUog45KpNXKC/Mn3Yb9UDuHumeFTo9iV/D9FQ==}
    engines: {node: '>=18'}

  unicorn-magic@0.3.0:
    resolution: {integrity: sha512-+QBBXBCvifc56fsbuxZQ6Sic3wqqc3WWaqxs58gvJrcOuN83HGTCwz3oS5phzU9LthRNE9VrJCFCLUgHeeFnfA==}
    engines: {node: '>=18'}

  validate-npm-package-license@3.0.4:
    resolution: {integrity: sha512-DpKm2Ui/xN7/HQKCtpZxoRWBhZ9Z0kqtygG8XCgNQ8ZlDnxuQmWhj566j8fN4Cu3/JmbhsDo7fcAJq4s9h27Ew==}

  version-range@4.15.0:
    resolution: {integrity: sha512-Ck0EJbAGxHwprkzFO966t4/5QkRuzh+/I1RxhLgUKKwEn+Cd8NwM60mE3AqBZg5gYODoXW0EFsQvbZjRlvdqbg==}
    engines: {node: '>=4'}

snapshots:

  '@azu/format-text@1.0.2': {}

  '@azu/style-format@1.0.1':
    dependencies:
      '@azu/format-text': 1.0.2

  '@babel/code-frame@7.29.0':
    dependencies:
      '@babel/helper-validator-identifier': 7.28.5
      js-tokens: 4.0.0
      picocolors: 1.1.1

  '@babel/helper-validator-identifier@7.28.5': {}

  '@nodelib/fs.scandir@2.1.5':
    dependencies:
      '@nodelib/fs.stat': 2.0.5
      run-parallel: 1.2.0

  '@nodelib/fs.stat@2.0.5': {}

  '@nodelib/fs.walk@1.2.8':
    dependencies:
      '@nodelib/fs.scandir': 2.1.5
      fastq: 1.20.1

  '@oxfmt/binding-android-arm-eabi@0.39.0':
    optional: true

  '@oxfmt/binding-android-arm64@0.39.0':
    optional: true

  '@oxfmt/binding-darwin-arm64@0.39.0':
    optional: true

  '@oxfmt/binding-darwin-x64@0.39.0':
    optional: true

  '@oxfmt/binding-freebsd-x64@0.39.0':
    optional: true

  '@oxfmt/binding-linux-arm-gnueabihf@0.39.0':
    optional: true

  '@oxfmt/binding-linux-arm-musleabihf@0.39.0':
    optional: true

  '@oxfmt/binding-linux-arm64-gnu@0.39.0':
    optional: true

  '@oxfmt/binding-linux-arm64-musl@0.39.0':
    optional: true

  '@oxfmt/binding-linux-ppc64-gnu@0.39.0':
    optional: true

  '@oxfmt/binding-linux-riscv64-gnu@0.39.0':
    optional: true

  '@oxfmt/binding-linux-riscv64-musl@0.39.0':
    optional: true

  '@oxfmt/binding-linux-s390x-gnu@0.39.0':
    optional: true

  '@oxfmt/binding-linux-x64-gnu@0.39.0':
    optional: true

  '@oxfmt/binding-linux-x64-musl@0.39.0':
    optional: true

  '@oxfmt/binding-openharmony-arm64@0.39.0':
    optional: true

  '@oxfmt/binding-win32-arm64-msvc@0.39.0':
    optional: true

  '@oxfmt/binding-win32-ia32-msvc@0.39.0':
    optional: true

  '@oxfmt/binding-win32-x64-msvc@0.39.0':
    optional: true

  '@secretlint/config-creator@11.3.1':
    dependencies:
      '@secretlint/types': 11.3.1

  '@secretlint/config-loader@11.3.1':
    dependencies:
      '@secretlint/profiler': 11.3.1
      '@secretlint/resolver': 11.3.1
      '@secretlint/types': 11.3.1
      ajv: 8.18.0
      debug: 4.4.3
      rc-config-loader: 4.1.4
    transitivePeerDependencies:
      - supports-color

  '@secretlint/core@11.3.1':
    dependencies:
      '@secretlint/profiler': 11.3.1
      '@secretlint/types': 11.3.1
      debug: 4.4.3
      structured-source: 4.0.0
    transitivePeerDependencies:
      - supports-color

  '@secretlint/formatter@11.3.1':
    dependencies:
      '@secretlint/resolver': 11.3.1
      '@secretlint/types': 11.3.1
      '@textlint/linter-formatter': 15.5.2
      '@textlint/module-interop': 15.5.2
      '@textlint/types': 15.5.2
      chalk: 5.6.2
      debug: 4.4.3
      pluralize: 8.0.0
      strip-ansi: 7.2.0
      table: 6.9.0
      terminal-link: 4.0.0
    transitivePeerDependencies:
      - supports-color

  '@secretlint/node@11.3.1':
    dependencies:
      '@secretlint/config-loader': 11.3.1
      '@secretlint/core': 11.3.1
      '@secretlint/formatter': 11.3.1
      '@secretlint/profiler': 11.3.1
      '@secretlint/source-creator': 11.3.1
      '@secretlint/types': 11.3.1
      debug: 4.4.3
      p-map: 7.0.4
    transitivePeerDependencies:
      - supports-color

  '@secretlint/profiler@11.3.1': {}

  '@secretlint/resolver@11.3.1': {}

  '@secretlint/secretlint-rule-preset-recommend@11.3.1': {}

  '@secretlint/source-creator@11.3.1':
    dependencies:
      '@secretlint/types': 11.3.1
      istextorbinary: 9.5.0

  '@secretlint/types@11.3.1': {}

  '@sindresorhus/merge-streams@2.3.0': {}

  '@textlint/ast-node-types@15.5.2': {}

  '@textlint/linter-formatter@15.5.2':
    dependencies:
      '@azu/format-text': 1.0.2
      '@azu/style-format': 1.0.1
      '@textlint/module-interop': 15.5.2
      '@textlint/resolver': 15.5.2
      '@textlint/types': 15.5.2
      chalk: 4.1.2
      debug: 4.4.3
      js-yaml: 4.1.1
      lodash: 4.17.23
      pluralize: 2.0.0
      string-width: 4.2.3
      strip-ansi: 6.0.1
      table: 6.9.0
      text-table: 0.2.0
    transitivePeerDependencies:
      - supports-color

  '@textlint/module-interop@15.5.2': {}

  '@textlint/resolver@15.5.2': {}

  '@textlint/types@15.5.2':
    dependencies:
      '@textlint/ast-node-types': 15.5.2

  '@types/normalize-package-data@2.4.4': {}

  ajv@8.18.0:
    dependencies:
      fast-deep-equal: 3.1.3
      fast-uri: 3.1.0
      json-schema-traverse: 1.0.0
      require-from-string: 2.0.2

  ansi-escapes@7.3.0:
    dependencies:
      environment: 1.1.0

  ansi-regex@5.0.1: {}

  ansi-regex@6.2.2: {}

  ansi-styles@4.3.0:
    dependencies:
      color-convert: 2.0.1

  argparse@2.0.1: {}

  astral-regex@2.0.0: {}

  binaryextensions@6.11.0:
    dependencies:
      editions: 6.22.0

  boundary@2.0.0: {}

  braces@3.0.3:
    dependencies:
      fill-range: 7.1.1

  chalk@4.1.2:
    dependencies:
      ansi-styles: 4.3.0
      supports-color: 7.2.0

  chalk@5.6.2: {}

  color-convert@2.0.1:
    dependencies:
      color-name: 1.1.4

  color-name@1.1.4: {}

  debug@4.4.3:
    dependencies:
      ms: 2.1.3

  editions@6.22.0:
    dependencies:
      version-range: 4.15.0

  emoji-regex@8.0.0: {}

  environment@1.1.0: {}

  fast-deep-equal@3.1.3: {}

  fast-glob@3.3.3:
    dependencies:
      '@nodelib/fs.stat': 2.0.5
      '@nodelib/fs.walk': 1.2.8
      glob-parent: 5.1.2
      merge2: 1.4.1
      micromatch: 4.0.8

  fast-uri@3.1.0: {}

  fastq@1.20.1:
    dependencies:
      reusify: 1.1.0

  fill-range@7.1.1:
    dependencies:
      to-regex-range: 5.0.1

  glob-parent@5.1.2:
    dependencies:
      is-glob: 4.0.3

  globby@14.1.0:
    dependencies:
      '@sindresorhus/merge-streams': 2.3.0
      fast-glob: 3.3.3
      ignore: 7.0.5
      path-type: 6.0.0
      slash: 5.1.0
      unicorn-magic: 0.3.0

  has-flag@4.0.0: {}

  hosted-git-info@7.0.2:
    dependencies:
      lru-cache: 10.4.3

  ignore@7.0.5: {}

  index-to-position@1.2.0: {}

  is-extglob@2.1.1: {}

  is-fullwidth-code-point@3.0.0: {}

  is-glob@4.0.3:
    dependencies:
      is-extglob: 2.1.1

  is-number@7.0.0: {}

  istextorbinary@9.5.0:
    dependencies:
      binaryextensions: 6.11.0
      editions: 6.22.0
      textextensions: 6.11.0

  js-tokens@4.0.0: {}

  js-yaml@4.1.1:
    dependencies:
      argparse: 2.0.1

  json-schema-traverse@1.0.0: {}

  json5@2.2.3: {}

  lodash.truncate@4.4.2: {}

  lodash@4.17.23: {}

  lru-cache@10.4.3: {}

  merge2@1.4.1: {}

  micromatch@4.0.8:
    dependencies:
      braces: 3.0.3
      picomatch: 2.3.1

  ms@2.1.3: {}

  normalize-package-data@6.0.2:
    dependencies:
      hosted-git-info: 7.0.2
      semver: 7.7.4
      validate-npm-package-license: 3.0.4

  oxfmt@0.39.0:
    dependencies:
      tinypool: 2.1.0
    optionalDependencies:
      '@oxfmt/binding-android-arm-eabi': 0.39.0
      '@oxfmt/binding-android-arm64': 0.39.0
      '@oxfmt/binding-darwin-arm64': 0.39.0
      '@oxfmt/binding-darwin-x64': 0.39.0
      '@oxfmt/binding-freebsd-x64': 0.39.0
      '@oxfmt/binding-linux-arm-gnueabihf': 0.39.0
      '@oxfmt/binding-linux-arm-musleabihf': 0.39.0
      '@oxfmt/binding-linux-arm64-gnu': 0.39.0
      '@oxfmt/binding-linux-arm64-musl': 0.39.0
      '@oxfmt/binding-linux-ppc64-gnu': 0.39.0
      '@oxfmt/binding-linux-riscv64-gnu': 0.39.0
      '@oxfmt/binding-linux-riscv64-musl': 0.39.0
      '@oxfmt/binding-linux-s390x-gnu': 0.39.0
      '@oxfmt/binding-linux-x64-gnu': 0.39.0
      '@oxfmt/binding-linux-x64-musl': 0.39.0
      '@oxfmt/binding-openharmony-arm64': 0.39.0
      '@oxfmt/binding-win32-arm64-msvc': 0.39.0
      '@oxfmt/binding-win32-ia32-msvc': 0.39.0
      '@oxfmt/binding-win32-x64-msvc': 0.39.0

  p-map@7.0.4: {}

  parse-json@8.3.0:
    dependencies:
      '@babel/code-frame': 7.29.0
      index-to-position: 1.2.0
      type-fest: 4.41.0

  path-type@6.0.0: {}

  picocolors@1.1.1: {}

  picomatch@2.3.1: {}

  pluralize@2.0.0: {}

  pluralize@8.0.0: {}

  queue-microtask@1.2.3: {}

  rc-config-loader@4.1.4:
    dependencies:
      debug: 4.4.3
      js-yaml: 4.1.1
      json5: 2.2.3
      require-from-string: 2.0.2
    transitivePeerDependencies:
      - supports-color

  read-pkg@9.0.1:
    dependencies:
      '@types/normalize-package-data': 2.4.4
      normalize-package-data: 6.0.2
      parse-json: 8.3.0
      type-fest: 4.41.0
      unicorn-magic: 0.1.0

  require-from-string@2.0.2: {}

  reusify@1.1.0: {}

  run-parallel@1.2.0:
    dependencies:
      queue-microtask: 1.2.3

  secretlint@11.3.1:
    dependencies:
      '@secretlint/config-creator': 11.3.1
      '@secretlint/formatter': 11.3.1
      '@secretlint/node': 11.3.1
      '@secretlint/profiler': 11.3.1
      '@secretlint/resolver': 11.3.1
      debug: 4.4.3
      globby: 14.1.0
      read-pkg: 9.0.1
    transitivePeerDependencies:
      - supports-color

  semver@7.7.4: {}

  slash@5.1.0: {}

  slice-ansi@4.0.0:
    dependencies:
      ansi-styles: 4.3.0
      astral-regex: 2.0.0
      is-fullwidth-code-point: 3.0.0

  spdx-correct@3.2.0:
    dependencies:
      spdx-expression-parse: 3.0.1
      spdx-license-ids: 3.0.23

  spdx-exceptions@2.5.0: {}

  spdx-expression-parse@3.0.1:
    dependencies:
      spdx-exceptions: 2.5.0
      spdx-license-ids: 3.0.23

  spdx-license-ids@3.0.23: {}

  string-width@4.2.3:
    dependencies:
      emoji-regex: 8.0.0
      is-fullwidth-code-point: 3.0.0
      strip-ansi: 6.0.1

  strip-ansi@6.0.1:
    dependencies:
      ansi-regex: 5.0.1

  strip-ansi@7.2.0:
    dependencies:
      ansi-regex: 6.2.2

  structured-source@4.0.0:
    dependencies:
      boundary: 2.0.0

  supports-color@7.2.0:
    dependencies:
      has-flag: 4.0.0

  supports-hyperlinks@3.2.0:
    dependencies:
      has-flag: 4.0.0
      supports-color: 7.2.0

  table@6.9.0:
    dependencies:
      ajv: 8.18.0
      lodash.truncate: 4.4.2
      slice-ansi: 4.0.0
      string-width: 4.2.3
      strip-ansi: 6.0.1

  terminal-link@4.0.0:
    dependencies:
      ansi-escapes: 7.3.0
      supports-hyperlinks: 3.2.0

  text-table@0.2.0: {}

  textextensions@6.11.0:
    dependencies:
      editions: 6.22.0

  tinypool@2.1.0: {}

  to-regex-range@5.0.1:
    dependencies:
      is-number: 7.0.0

  type-fest@4.41.0: {}

  unicorn-magic@0.1.0: {}

  unicorn-magic@0.3.0: {}

  validate-npm-package-license@3.0.4:
    dependencies:
      spdx-correct: 3.2.0
      spdx-expression-parse: 3.0.1

  version-range@4.15.0: {}
